{
  "version": 1,
  "dependencies": {
    ".NETCoreApp,Version=v3.1": {
      "MediatR": {
        "type": "Transitive",
        "resolved": "8.0.0",
        "contentHash": "cYSDJ2b/dIiwTLW/ZW/SQcXq9I3WF6KR4D0KN4hxWR08tZqcvcVS1bQXZbsANdQdTQfxx+ZFp5WkHLMyeoR5Zw=="
      },
      "bankingmicrorabbit.domain.core": {
        "type": "Project",
        "dependencies": {
          "MediatR": "[8.0.0, )"
        }
      },
      "bankingmicrorabbit.transfer.domain": {
        "type": "Project",
        "dependencies": {
          "BankingMicroRabbit.Domain.Core": "[1.0.0, )"
        }
      }
    }
  }
}