{
  "version": 1,
  "dependencies": {
    ".NETCoreApp,Version=v3.1": {
      "MediatR": {
        "type": "Direct",
        "requested": "[8.0.0, )",
        "resolved": "8.0.0",
        "contentHash": "cYSDJ2b/dIiwTLW/ZW/SQcXq9I3WF6KR4D0KN4hxWR08tZqcvcVS1bQXZbsANdQdTQfxx+ZFp5WkHLMyeoR5Zw=="
      },
      "Microsoft.Extensions.DependencyInjection": {
        "type": "Direct",
        "requested": "[3.1.2, )",
        "resolved": "3.1.2",
        "contentHash": "e+F6/wjQPOFHB/sGWTAqC8FX/C6+JZWWLpryXTAQYIS3tr+17lByADdP9Y6RtxfJ4kW/IPrU6RuxTNZNdAQz1A==",
        "dependencies": {
          "Microsoft.Extensions.DependencyInjection.Abstractions": "3.1.2"
        }
      },
      "Newtonsoft.Json": {
        "type": "Direct",
        "requested": "[12.0.3, )",
        "resolved": "12.0.3",
        "contentHash": "6mgjfnRB4jKMlzHSl+VD+oUc1IebOZabkbyWj2RiTgWwYPPuaK1H97G1sHqGwPlS5npiF5Q0OrxN1wni2n5QWg=="
      },
      "RabbitMQ.Client": {
        "type": "Direct",
        "requested": "[5.1.2, )",
        "resolved": "5.1.2",
        "contentHash": "Xhj+un0pw4N7h37SZWptxl/NEv7f1RLHwZhXjqzkCm3w3IdbFJh+HjVyPaciD848BUYLGoEQzadx90nShsbs4Q=="
      },
      "Microsoft.Extensions.DependencyInjection.Abstractions": {
        "type": "Transitive",
        "resolved": "3.1.2",
        "contentHash": "/CZzCSCIm/3FFoXHfUpsfov/Elo268dcvlz/MMINT0vPgphqg2pAgdEn/EjCDyoAT3NAmsRmjfGwBumC1uYJtA=="
      },
      "bankingmicrorabbit.domain.core": {
        "type": "Project",
        "dependencies": {
          "MediatR": "[8.0.0, )"
        }
      }
    }
  }
}